
Microsoft Visual Studio Solution File, Format Version 12.00
# Visual Studio 15
VisualStudioVersion = 15.0.26430.14
MinimumVisualStudioVersion = 10.0.40219.1
Project("{F2A71F9B-5D33-465A-A702-920D77279786}") = "minesweeperfs", "minesweeperfs\minesweeperfs.fsproj", "{DE842D0A-2406-42E7-91F0-4334F4EC7604}"
EndProject
Project("{F2A71F9B-5D33-465A-A702-920D77279786}") = "minesweeper.game", "minesweeper.game\minesweeper.game.fsproj", "{CABC7781-E217-415D-BADA-7695F7B934B7}"
EndProject
Global
	GlobalSection(SolutionConfigurationPlatforms) = preSolution
		Debug|Any CPU = Debug|Any CPU
		Release|Any CPU = Release|Any CPU
	EndGlobalSection
	GlobalSection(ProjectConfigurationPlatforms) = postSolution
		{DE842D0A-2406-42E7-91F0-4334F4EC7604}.Debug|Any CPU.ActiveCfg = Debug|Any CPU
		{DE842D0A-2406-42E7-91F0-4334F4EC7604}.Debug|Any CPU.Build.0 = Debug|Any CPU
		{DE842D0A-2406-42E7-91F0-4334F4EC7604}.Release|Any CPU.ActiveCfg = Release|Any CPU
		{DE842D0A-2406-42E7-91F0-4334F4EC7604}.Release|Any CPU.Build.0 = Release|Any CPU
		{CABC7781-E217-415D-BADA-7695F7B934B7}.Debug|Any CPU.ActiveCfg = Debug|Any CPU
		{CABC7781-E217-415D-BADA-7695F7B934B7}.Debug|Any CPU.Build.0 = Debug|Any CPU
		{CABC7781-E217-415D-BADA-7695F7B934B7}.Release|Any CPU.ActiveCfg = Release|Any CPU
		{CABC7781-E217-415D-BADA-7695F7B934B7}.Release|Any CPU.Build.0 = Release|Any CPU
	EndGlobalSection
	GlobalSection(SolutionProperties) = preSolution
		HideSolutionNode = FALSE
	EndGlobalSection
EndGlobal
